
Microsoft Visual Studio Solution File, Format Version 12.00
# Visual Studio Version 17
VisualStudioVersion = 17.5.33516.290
MinimumVisualStudioVersion = 10.0.40219.1
Project("{FAE04EC0-301F-11D3-BF4B-00C04F79EFBC}") = "Inventory Management", "Inventory Management\Inventory Management.csproj", "{3195C345-9884-4B22-AD47-6C513A9D4894}"
EndProject
Global
	GlobalSection(SolutionConfigurationPlatforms) = preSolution
		Debug|Any CPU = Debug|Any CPU
		Release|Any CPU = Release|Any CPU
	EndGlobalSection
	GlobalSection(ProjectConfigurationPlatforms) = postSolution
		{3195C345-9884-4B22-AD47-6C513A9D4894}.Debug|Any CPU.ActiveCfg = Debug|Any CPU
		{3195C345-9884-4B22-AD47-6C513A9D4894}.Debug|Any CPU.Build.0 = Debug|Any CPU
		{3195C345-9884-4B22-AD47-6C513A9D4894}.Release|Any CPU.ActiveCfg = Release|Any CPU
		{3195C345-9884-4B22-AD47-6C513A9D4894}.Release|Any CPU.Build.0 = Release|Any CPU
	EndGlobalSection
	GlobalSection(SolutionProperties) = preSolution
		HideSolutionNode = FALSE
	EndGlobalSection
	GlobalSection(ExtensibilityGlobals) = postSolution
		SolutionGuid = {4D999A18-5F5B-4E5E-AFEF-B60B4A17D498}
	EndGlobalSection
EndGlobal
